
Microsoft Visual Studio Solution File, Format Version 12.00
# Visual Studio Version 16
VisualStudioVersion = 16.0.31613.86
MinimumVisualStudioVersion = 10.0.40219.1
Project("{FAE04EC0-301F-11D3-BF4B-00C04F79EFBC}") = "IniParser", "IniParser\IniParser.csproj", "{8E43507B-A2C9-4B1C-A6C8-DCE4D702A5EE}"
EndProject
Project("{FAE04EC0-301F-11D3-BF4B-00C04F79EFBC}") = "IniParserTests", "IniParserTests\IniParserTests.csproj", "{1D71E62B-E964-4DA2-B81D-F961BBAD2DE3}"
EndProject
Project("{FAE04EC0-301F-11D3-BF4B-00C04F79EFBC}") = "IniFileUser", "IniFileUser\IniFileUser.csproj", "{1983E4AB-9985-4881-8343-4A3B7E36D2CF}"
EndProject
Global
	GlobalSection(SolutionConfigurationPlatforms) = preSolution
		Debug|Any CPU = Debug|Any CPU
		Release|Any CPU = Release|Any CPU
	EndGlobalSection
	GlobalSection(ProjectConfigurationPlatforms) = postSolution
		{8E43507B-A2C9-4B1C-A6C8-DCE4D702A5EE}.Debug|Any CPU.ActiveCfg = Debug|Any CPU
		{8E43507B-A2C9-4B1C-A6C8-DCE4D702A5EE}.Debug|Any CPU.Build.0 = Debug|Any CPU
		{8E43507B-A2C9-4B1C-A6C8-DCE4D702A5EE}.Release|Any CPU.ActiveCfg = Release|Any CPU
		{8E43507B-A2C9-4B1C-A6C8-DCE4D702A5EE}.Release|Any CPU.Build.0 = Release|Any CPU
		{1D71E62B-E964-4DA2-B81D-F961BBAD2DE3}.Debug|Any CPU.ActiveCfg = Debug|Any CPU
		{1D71E62B-E964-4DA2-B81D-F961BBAD2DE3}.Debug|Any CPU.Build.0 = Debug|Any CPU
		{1D71E62B-E964-4DA2-B81D-F961BBAD2DE3}.Release|Any CPU.ActiveCfg = Release|Any CPU
		{1D71E62B-E964-4DA2-B81D-F961BBAD2DE3}.Release|Any CPU.Build.0 = Release|Any CPU
		{1983E4AB-9985-4881-8343-4A3B7E36D2CF}.Debug|Any CPU.ActiveCfg = Debug|Any CPU
		{1983E4AB-9985-4881-8343-4A3B7E36D2CF}.Debug|Any CPU.Build.0 = Debug|Any CPU
		{1983E4AB-9985-4881-8343-4A3B7E36D2CF}.Release|Any CPU.ActiveCfg = Release|Any CPU
		{1983E4AB-9985-4881-8343-4A3B7E36D2CF}.Release|Any CPU.Build.0 = Release|Any CPU
	EndGlobalSection
	GlobalSection(SolutionProperties) = preSolution
		HideSolutionNode = FALSE
	EndGlobalSection
	GlobalSection(ExtensibilityGlobals) = postSolution
		SolutionGuid = {FE94A80F-8DB8-4A34-89F6-641F5781D5B5}
	EndGlobalSection
EndGlobal
